
Microsoft Visual Studio Solution File, Format Version 12.00
# Visual Studio Version 18
VisualStudioVersion = 18.3.11520.95 d18.3
MinimumVisualStudioVersion = 10.0.40219.1
Project("{FAE04EC0-301F-11D3-BF4B-00C04F79EFBC}") = "Dota 2 Training Platform", "Dota 2 Training Platform\Dota 2 Training Platform.csproj", "{FF1C01B7-4EF9-4381-84E7-64B2C69BD9A5}"
EndProject
Global
	GlobalSection(SolutionConfigurationPlatforms) = preSolution
		Debug|Any CPU = Debug|Any CPU
		Debug|x64 = Debug|x64
		Release|Any CPU = Release|Any CPU
		Release|x64 = Release|x64
	EndGlobalSection
	GlobalSection(ProjectConfigurationPlatforms) = postSolution
		{FF1C01B7-4EF9-4381-84E7-64B2C69BD9A5}.Debug|Any CPU.ActiveCfg = Debug|Any CPU
		{FF1C01B7-4EF9-4381-84E7-64B2C69BD9A5}.Debug|Any CPU.Build.0 = Debug|Any CPU
		{FF1C01B7-4EF9-4381-84E7-64B2C69BD9A5}.Debug|x64.ActiveCfg = Debug|x64
		{FF1C01B7-4EF9-4381-84E7-64B2C69BD9A5}.Debug|x64.Build.0 = Debug|x64
		{FF1C01B7-4EF9-4381-84E7-64B2C69BD9A5}.Release|Any CPU.ActiveCfg = Release|Any CPU
		{FF1C01B7-4EF9-4381-84E7-64B2C69BD9A5}.Release|Any CPU.Build.0 = Release|Any CPU
		{FF1C01B7-4EF9-4381-84E7-64B2C69BD9A5}.Release|x64.ActiveCfg = Release|x64
		{FF1C01B7-4EF9-4381-84E7-64B2C69BD9A5}.Release|x64.Build.0 = Release|x64
	EndGlobalSection
	GlobalSection(SolutionProperties) = preSolution
		HideSolutionNode = FALSE
	EndGlobalSection
	GlobalSection(ExtensibilityGlobals) = postSolution
		SolutionGuid = {62AD4E39-1222-47FF-A852-5504EAD685D6}
	EndGlobalSection
EndGlobal
